// !$*UTF8*$!
{
	archiveVersion = 1;
	classes = {
	};
	objectVersion = 55;
	objects = {

/* Begin PBXBuildFile section */
		0891410F298D993E00C38B0F /* AppDelegate.swift in Sources */ = {isa = PBXBuildFile; fileRef = 0891410E298D993E00C38B0F /* AppDelegate.swift */; };
		08914111298D993E00C38B0F /* SceneDelegate.swift in Sources */ = {isa = PBXBuildFile; fileRef = 08914110298D993E00C38B0F /* SceneDelegate.swift */; };
		08914113298D993E00C38B0F /* HomeVC.swift in Sources */ = {isa = PBXBuildFile; fileRef = 08914112298D993E00C38B0F /* HomeVC.swift */; };
		08914116298D993E00C38B0F /* Main.storyboard in Resources */ = {isa = PBXBuildFile; fileRef = 08914114298D993E00C38B0F /* Main.storyboard */; };
		08914119298D993E00C38B0F /* BluetoothFinder.xcdatamodeld in Sources */ = {isa = PBXBuildFile; fileRef = 08914117298D993E00C38B0F /* BluetoothFinder.xcdatamodeld */; };
		0891411B298D994100C38B0F /* Assets.xcassets in Resources */ = {isa = PBXBuildFile; fileRef = 0891411A298D994100C38B0F /* Assets.xcassets */; };
		0891411E298D994100C38B0F /* LaunchScreen.storyboard in Resources */ = {isa = PBXBuildFile; fileRef = 0891411C298D994100C38B0F /* LaunchScreen.storyboard */; };
		08914129298D994100C38B0F /* BluetoothFinderTests.swift in Sources */ = {isa = PBXBuildFile; fileRef = 08914128298D994100C38B0F /* BluetoothFinderTests.swift */; };
		08914133298D994100C38B0F /* BluetoothFinderUITests.swift in Sources */ = {isa = PBXBuildFile; fileRef = 08914132298D994100C38B0F /* BluetoothFinderUITests.swift */; };
		08914135298D994100C38B0F /* BluetoothFinderUITestsLaunchTests.swift in Sources */ = {isa = PBXBuildFile; fileRef = 08914134298D994100C38B0F /* BluetoothFinderUITestsLaunchTests.swift */; };
		08DF9E5D298DB93900901B65 /* TitleLabel.swift in Sources */ = {isa = PBXBuildFile; fileRef = 08DF9E5C298DB93900901B65 /* TitleLabel.swift */; };
		08DF9E5F298DBAB000901B65 /* BluetoothScanner.swift in Sources */ = {isa = PBXBuildFile; fileRef = 08DF9E5E298DBAB000901B65 /* BluetoothScanner.swift */; };
		08DF9E61298DBC9800901B65 /* StartScanButton.swift in Sources */ = {isa = PBXBuildFile; fileRef = 08DF9E60298DBC9800901B65 /* StartScanButton.swift */; };
		08DF9E64298EC77D00901B65 /* DiscoveredDevices.swift in Sources */ = {isa = PBXBuildFile; fileRef = 08DF9E63298EC77D00901B65 /* DiscoveredDevices.swift */; };
		08DF9E67298ECE4B00901B65 /* Gif.swift in Sources */ = {isa = PBXBuildFile; fileRef = 08DF9E66298ECE4B00901B65 /* Gif.swift */; };
		08DF9E69298ECE9700901B65 /* CustomLoader.swift in Sources */ = {isa = PBXBuildFile; fileRef = 08DF9E68298ECE9700901B65 /* CustomLoader.swift */; };
		08DF9E6B298F74CD00901B65 /* ResultsVC.swift in Sources */ = {isa = PBXBuildFile; fileRef = 08DF9E6A298F74CD00901B65 /* ResultsVC.swift */; };
		08E24FE6298F892500E2188C /* Functions.swift in Sources */ = {isa = PBXBuildFile; fileRef = 08E24FE5298F892500E2188C /* Functions.swift */; };
		08E24FE8298F8A6000E2188C /* CustomButtons.swift in Sources */ = {isa = PBXBuildFile; fileRef = 08E24FE7298F8A6000E2188C /* CustomButtons.swift */; };
/* End PBXBuildFile section */

/* Begin PBXContainerItemProxy section */
		08914125298D994100C38B0F /* PBXContainerItemProxy */ = {
			isa = PBXContainerItemProxy;
			containerPortal = 08914103298D993E00C38B0F /* Project object */;
			proxyType = 1;
			remoteGlobalIDString = 0891410A298D993E00C38B0F;
			remoteInfo = BluetoothFinder;
		};
		0891412F298D994100C38B0F /* PBXContainerItemProxy */ = {
			isa = PBXContainerItemProxy;
			containerPortal = 08914103298D993E00C38B0F /* Project object */;
			proxyType = 1;
			remoteGlobalIDString = 0891410A298D993E00C38B0F;
			remoteInfo = BluetoothFinder;
		};
/* End PBXContainerItemProxy section */

/* Begin PBXFileReference section */
		0891410B298D993E00C38B0F /* BluetoothFinder.app */ = {isa = PBXFileReference; explicitFileType = wrapper.application; includeInIndex = 0; path = BluetoothFinder.app; sourceTree = BUILT_PRODUCTS_DIR; };
		0891410E298D993E00C38B0F /* AppDelegate.swift */ = {isa = PBXFileReference; lastKnownFileType = sourcecode.swift; path = AppDelegate.swift; sourceTree = "<group>"; };
		08914110298D993E00C38B0F /* SceneDelegate.swift */ = {isa = PBXFileReference; lastKnownFileType = sourcecode.swift; path = SceneDelegate.swift; sourceTree = "<group>"; };
		08914112298D993E00C38B0F /* HomeVC.swift */ = {isa = PBXFileReference; lastKnownFileType = sourcecode.swift; path = HomeVC.swift; sourceTree = "<group>"; };
		08914115298D993E00C38B0F /* Base */ = {isa = PBXFileReference; lastKnownFileType = file.storyboard; name = Base; path = Base.lproj/Main.storyboard; sourceTree = "<group>"; };
		08914118298D993E00C38B0F /* BluetoothFinder.xcdatamodel */ = {isa = PBXFileReference; lastKnownFileType = wrapper.xcdatamodel; path = BluetoothFinder.xcdatamodel; sourceTree = "<group>"; };
		0891411A298D994100C38B0F /* Assets.xcassets */ = {isa = PBXFileReference; lastKnownFileType = folder.assetcatalog; path = Assets.xcassets; sourceTree = "<group>"; };
		0891411D298D994100C38B0F /* Base */ = {isa = PBXFileReference; lastKnownFileType = file.storyboard; name = Base; path = Base.lproj/LaunchScreen.storyboard; sourceTree = "<group>"; };
		0891411F298D994100C38B0F /* Info.plist */ = {isa = PBXFileReference; lastKnownFileType = text.plist.xml; path = Info.plist; sourceTree = "<group>"; };
		08914124298D994100C38B0F /* BluetoothFinderTests.xctest */ = {isa = PBXFileReference; explicitFileType = wrapper.cfbundle; includeInIndex = 0; path = BluetoothFinderTests.xctest; sourceTree = BUILT_PRODUCTS_DIR; };
		08914128298D994100C38B0F /* BluetoothFinderTests.swift */ = {isa = PBXFileReference; lastKnownFileType = sourcecode.swift; path = BluetoothFinderTests.swift; sourceTree = "<group>"; };
		0891412E298D994100C38B0F /* BluetoothFinderUITests.xctest */ = {isa = PBXFileReference; explicitFileType = wrapper.cfbundle; includeInIndex = 0; path = BluetoothFinderUITests.xctest; sourceTree = BUILT_PRODUCTS_DIR; };
		08914132298D994100C38B0F /* BluetoothFinderUITests.swift */ = {isa = PBXFileReference; lastKnownFileType = sourcecode.swift; path = BluetoothFinderUITests.swift; sourceTree = "<group>"; };
		08914134298D994100C38B0F /* BluetoothFinderUITestsLaunchTests.swift */ = {isa = PBXFileReference; lastKnownFileType = sourcecode.swift; path = BluetoothFinderUITestsLaunchTests.swift; sourceTree = "<group>"; };
		08DF9E5C298DB93900901B65 /* TitleLabel.swift */ = {isa = PBXFileReference; lastKnownFileType = sourcecode.swift; path = TitleLabel.swift; sourceTree = "<group>"; };
		08DF9E5E298DBAB000901B65 /* BluetoothScanner.swift */ = {isa = PBXFileReference; lastKnownFileType = sourcecode.swift; path = BluetoothScanner.swift; sourceTree = "<group>"; };
		08DF9E60298DBC9800901B65 /* StartScanButton.swift */ = {isa = PBXFileReference; lastKnownFileType = sourcecode.swift; path = StartScanButton.swift; sourceTree = "<group>"; };
		08DF9E63298EC77D00901B65 /* DiscoveredDevices.swift */ = {isa = PBXFileReference; lastKnownFileType = sourcecode.swift; path = DiscoveredDevices.swift; sourceTree = "<group>"; };
		08DF9E66298ECE4B00901B65 /* Gif.swift */ = {isa = PBXFileReference; lastKnownFileType = sourcecode.swift; path = Gif.swift; sourceTree = "<group>"; };
		08DF9E68298ECE9700901B65 /* CustomLoader.swift */ = {isa = PBXFileReference; lastKnownFileType = sourcecode.swift; path = CustomLoader.swift; sourceTree = "<group>"; };
		08DF9E6A298F74CD00901B65 /* ResultsVC.swift */ = {isa = PBXFileReference; lastKnownFileType = sourcecode.swift; path = ResultsVC.swift; sourceTree = "<group>"; };
		08E24FE5298F892500E2188C /* Functions.swift */ = {isa = PBXFileReference; lastKnownFileType = sourcecode.swift; path = Functions.swift; sourceTree = "<group>"; };
		08E24FE7298F8A6000E2188C /* CustomButtons.swift */ = {isa = PBXFileReference; lastKnownFileType = sourcecode.swift; path = CustomButtons.swift; sourceTree = "<group>"; };
/* End PBXFileReference section */

/* Begin PBXFrameworksBuildPhase section */
		08914108298D993E00C38B0F /* Frameworks */ = {
			isa = PBXFrameworksBuildPhase;
			buildActionMask = 2147483647;
			files = (
			);
			runOnlyForDeploymentPostprocessing = 0;
		};
		08914121298D994100C38B0F /* Frameworks */ = {
			isa = PBXFrameworksBuildPhase;
			buildActionMask = 2147483647;
			files = (
			);
			runOnlyForDeploymentPostprocessing = 0;
		};
		0891412B298D994100C38B0F /* Frameworks */ = {
			isa = PBXFrameworksBuildPhase;
			buildActionMask = 2147483647;
			files = (
			);
			runOnlyForDeploymentPostprocessing = 0;
		};
/* End PBXFrameworksBuildPhase section */

/* Begin PBXGroup section */
		08914102298D993E00C38B0F = {
			isa = PBXGroup;
			children = (
				0891410D298D993E00C38B0F /* BluetoothFinder */,
				08914127298D994100C38B0F /* BluetoothFinderTests */,
				08914131298D994100C38B0F /* BluetoothFinderUITests */,
				0891410C298D993E00C38B0F /* Products */,
			);
			sourceTree = "<group>";
		};
		0891410C298D993E00C38B0F /* Products */ = {
			isa = PBXGroup;
			children = (
				0891410B298D993E00C38B0F /* BluetoothFinder.app */,
				08914124298D994100C38B0F /* BluetoothFinderTests.xctest */,
				0891412E298D994100C38B0F /* BluetoothFinderUITests.xctest */,
			);
			name = Products;
			sourceTree = "<group>";
		};
		0891410D298D993E00C38B0F /* BluetoothFinder */ = {
			isa = PBXGroup;
			children = (
				08DF9E65298ECE4100901B65 /* Helpers */,
				08DF9E62298DBE3700901B65 /* Storyboards */,
				08914141298DB15F00C38B0F /* Model */,
				08914142298DB16600C38B0F /* View */,
				08914143298DB16F00C38B0F /* Controller */,
				0891410E298D993E00C38B0F /* AppDelegate.swift */,
				08914110298D993E00C38B0F /* SceneDelegate.swift */,
				0891411A298D994100C38B0F /* Assets.xcassets */,
				0891411F298D994100C38B0F /* Info.plist */,
				08914117298D993E00C38B0F /* BluetoothFinder.xcdatamodeld */,
			);
			path = BluetoothFinder;
			sourceTree = "<group>";
		};
		08914127298D994100C38B0F /* BluetoothFinderTests */ = {
			isa = PBXGroup;
			children = (
				08914128298D994100C38B0F /* BluetoothFinderTests.swift */,
			);
			path = BluetoothFinderTests;
			sourceTree = "<group>";
		};
		08914131298D994100C38B0F /* BluetoothFinderUITests */ = {
			isa = PBXGroup;
			children = (
				08914132298D994100C38B0F /* BluetoothFinderUITests.swift */,
				08914134298D994100C38B0F /* BluetoothFinderUITestsLaunchTests.swift */,
			);
			path = BluetoothFinderUITests;
			sourceTree = "<group>";
		};
		08914141298DB15F00C38B0F /* Model */ = {
			isa = PBXGroup;
			children = (
				08DF9E5E298DBAB000901B65 /* BluetoothScanner.swift */,
				08DF9E63298EC77D00901B65 /* DiscoveredDevices.swift */,
			);
			path = Model;
			sourceTree = "<group>";
		};
		08914142298DB16600C38B0F /* View */ = {
			isa = PBXGroup;
			children = (
				08DF9E5C298DB93900901B65 /* TitleLabel.swift */,
				08DF9E60298DBC9800901B65 /* StartScanButton.swift */,
				08E24FE7298F8A6000E2188C /* CustomButtons.swift */,
			);
			path = View;
			sourceTree = "<group>";
		};
		08914143298DB16F00C38B0F /* Controller */ = {
			isa = PBXGroup;
			children = (
				08914112298D993E00C38B0F /* HomeVC.swift */,
				08DF9E6A298F74CD00901B65 /* ResultsVC.swift */,
			);
			path = Controller;
			sourceTree = "<group>";
		};
		08DF9E62298DBE3700901B65 /* Storyboards */ = {
			isa = PBXGroup;
			children = (
				08914114298D993E00C38B0F /* Main.storyboard */,
				0891411C298D994100C38B0F /* LaunchScreen.storyboard */,
			);
			path = Storyboards;
			sourceTree = "<group>";
		};
		08DF9E65298ECE4100901B65 /* Helpers */ = {
			isa = PBXGroup;
			children = (
				08DF9E66298ECE4B00901B65 /* Gif.swift */,
				08DF9E68298ECE9700901B65 /* CustomLoader.swift */,
				08E24FE5298F892500E2188C /* Functions.swift */,
			);
			path = Helpers;
			sourceTree = "<group>";
		};
/* End PBXGroup section */

/* Begin PBXNativeTarget section */
		0891410A298D993E00C38B0F /* BluetoothFinder */ = {
			isa = PBXNativeTarget;
			buildConfigurationList = 08914138298D994100C38B0F /* Build configuration list for PBXNativeTarget "BluetoothFinder" */;
			buildPhases = (
				08914107298D993E00C38B0F /* Sources */,
				08914108298D993E00C38B0F /* Frameworks */,
				08914109298D993E00C38B0F /* Resources */,
			);
			buildRules = (
			);
			dependencies = (
			);
			name = BluetoothFinder;
			productName = BluetoothFinder;
			productReference = 0891410B298D993E00C38B0F /* BluetoothFinder.app */;
			productType = "com.apple.product-type.application";
		};
		08914123298D994100C38B0F /* BluetoothFinderTests */ = {
			isa = PBXNativeTarget;
			buildConfigurationList = 0891413B298D994100C38B0F /* Build configuration list for PBXNativeTarget "BluetoothFinderTests" */;
			buildPhases = (
				08914120298D994100C38B0F /* Sources */,
				08914121298D994100C38B0F /* Frameworks */,
				08914122298D994100C38B0F /* Resources */,
			);
			buildRules = (
			);
			dependencies = (
				08914126298D994100C38B0F /* PBXTargetDependency */,
			);
			name = BluetoothFinderTests;
			productName = BluetoothFinderTests;
			productReference = 08914124298D994100C38B0F /* BluetoothFinderTests.xctest */;
			productType = "com.apple.product-type.bundle.unit-test";
		};
		0891412D298D994100C38B0F /* BluetoothFinderUITests */ = {
			isa = PBXNativeTarget;
			buildConfigurationList = 0891413E298D994100C38B0F /* Build configuration list for PBXNativeTarget "BluetoothFinderUITests" */;
			buildPhases = (
				0891412A298D994100C38B0F /* Sources */,
				0891412B298D994100C38B0F /* Frameworks */,
				0891412C298D994100C38B0F /* Resources */,
			);
			buildRules = (
			);
			dependencies = (
				08914130298D994100C38B0F /* PBXTargetDependency */,
			);
			name = BluetoothFinderUITests;
			productName = BluetoothFinderUITests;
			productReference = 0891412E298D994100C38B0F /* BluetoothFinderUITests.xctest */;
			productType = "com.apple.product-type.bundle.ui-testing";
		};
/* End PBXNativeTarget section */

/* Begin PBXProject section */
		08914103298D993E00C38B0F /* Project object */ = {
			isa = PBXProject;
			attributes = {
				BuildIndependentTargetsInParallel = 1;
				LastSwiftUpdateCheck = 1340;
				LastUpgradeCheck = 1340;
				TargetAttributes = {
					0891410A298D993E00C38B0F = {
						CreatedOnToolsVersion = 13.4.1;
					};
					08914123298D994100C38B0F = {
						CreatedOnToolsVersion = 13.4.1;
						TestTargetID = 0891410A298D993E00C38B0F;
					};
					0891412D298D994100C38B0F = {
						CreatedOnToolsVersion = 13.4.1;
						TestTargetID = 0891410A298D993E00C38B0F;
					};
				};
			};
			buildConfigurationList = 08914106298D993E00C38B0F /* Build configuration list for PBXProject "BluetoothFinder" */;
			compatibilityVersion = "Xcode 13.0";
			developmentRegion = en;
			hasScannedForEncodings = 0;
			knownRegions = (
				en,
				Base,
			);
			mainGroup = 08914102298D993E00C38B0F;
			productRefGroup = 0891410C298D993E00C38B0F /* Products */;
			projectDirPath = "";
			projectRoot = "";
			targets = (
				0891410A298D993E00C38B0F /* BluetoothFinder */,
				08914123298D994100C38B0F /* BluetoothFinderTests */,
				0891412D298D994100C38B0F /* BluetoothFinderUITests */,
			);
		};
/* End PBXProject section */

/* Begin PBXResourcesBuildPhase section */
		08914109298D993E00C38B0F /* Resources */ = {
			isa = PBXResourcesBuildPhase;
			buildActionMask = 2147483647;
			files = (
				0891411E298D994100C38B0F /* LaunchScreen.storyboard in Resources */,
				0891411B298D994100C38B0F /* Assets.xcassets in Resources */,
				08914116298D993E00C38B0F /* Main.storyboard in Resources */,
			);
			runOnlyForDeploymentPostprocessing = 0;
		};
		08914122298D994100C38B0F /* Resources */ = {
			isa = PBXResourcesBuildPhase;
			buildActionMask = 2147483647;
			files = (
			);
			runOnlyForDeploymentPostprocessing = 0;
		};
		0891412C298D994100C38B0F /* Resources */ = {
			isa = PBXResourcesBuildPhase;
			buildActionMask = 2147483647;
			files = (
			);
			runOnlyForDeploymentPostprocessing = 0;
		};
/* End PBXResourcesBuildPhase section */

/* Begin PBXSourcesBuildPhase section */
		08914107298D993E00C38B0F /* Sources */ = {
			isa = PBXSourcesBuildPhase;
			buildActionMask = 2147483647;
			files = (
				08914113298D993E00C38B0F /* HomeVC.swift in Sources */,
				08DF9E69298ECE9700901B65 /* CustomLoader.swift in Sources */,
				0891410F298D993E00C38B0F /* AppDelegate.swift in Sources */,
				08914119298D993E00C38B0F /* BluetoothFinder.xcdatamodeld in Sources */,
				08DF9E5F298DBAB000901B65 /* BluetoothScanner.swift in Sources */,
				08DF9E5D298DB93900901B65 /* TitleLabel.swift in Sources */,
				08DF9E64298EC77D00901B65 /* DiscoveredDevices.swift in Sources */,
				08DF9E6B298F74CD00901B65 /* ResultsVC.swift in Sources */,
				08DF9E61298DBC9800901B65 /* StartScanButton.swift in Sources */,
				08914111298D993E00C38B0F /* SceneDelegate.swift in Sources */,
				08E24FE8298F8A6000E2188C /* CustomButtons.swift in Sources */,
				08DF9E67298ECE4B00901B65 /* Gif.swift in Sources */,
				08E24FE6298F892500E2188C /* Functions.swift in Sources */,
			);
			runOnlyForDeploymentPostprocessing = 0;
		};
		08914120298D994100C38B0F /* Sources */ = {
			isa = PBXSourcesBuildPhase;
			buildActionMask = 2147483647;
			files = (
				08914129298D994100C38B0F /* BluetoothFinderTests.swift in Sources */,
			);
			runOnlyForDeploymentPostprocessing = 0;
		};
		0891412A298D994100C38B0F /* Sources */ = {
			isa = PBXSourcesBuildPhase;
			buildActionMask = 2147483647;
			files = (
				08914133298D994100C38B0F /* BluetoothFinderUITests.swift in Sources */,
				08914135298D994100C38B0F /* BluetoothFinderUITestsLaunchTests.swift in Sources */,
			);
			runOnlyForDeploymentPostprocessing = 0;
		};
/* End PBXSourcesBuildPhase section */

/* Begin PBXTargetDependency section */
		08914126298D994100C38B0F /* PBXTargetDependency */ = {
			isa = PBXTargetDependency;
			target = 0891410A298D993E00C38B0F /* BluetoothFinder */;
			targetProxy = 08914125298D994100C38B0F /* PBXContainerItemProxy */;
		};
		08914130298D994100C38B0F /* PBXTargetDependency */ = {
			isa = PBXTargetDependency;
			target = 0891410A298D993E00C38B0F /* BluetoothFinder */;
			targetProxy = 0891412F298D994100C38B0F /* PBXContainerItemProxy */;
		};
/* End PBXTargetDependency section */

/* Begin PBXVariantGroup section */
		08914114298D993E00C38B0F /* Main.storyboard */ = {
			isa = PBXVariantGroup;
			children = (
				08914115298D993E00C38B0F /* Base */,
			);
			name = Main.storyboard;
			sourceTree = "<group>";
		};
		0891411C298D994100C38B0F /* LaunchScreen.storyboard */ = {
			isa = PBXVariantGroup;
			children = (
				0891411D298D994100C38B0F /* Base */,
			);
			name = LaunchScreen.storyboard;
			sourceTree = "<group>";
		};
/* End PBXVariantGroup section */

/* Begin XCBuildConfiguration section */
		08914136298D994100C38B0F /* Debug */ = {
			isa = XCBuildConfiguration;
			buildSettings = {
				ALWAYS_SEARCH_USER_PATHS = NO;
				CLANG_ANALYZER_NONNULL = YES;
				CLANG_ANALYZER_NUMBER_OBJECT_CONVERSION = YES_AGGRESSIVE;
				CLANG_CXX_LANGUAGE_STANDARD = "gnu++17";
				CLANG_ENABLE_MODULES = YES;
				CLANG_ENABLE_OBJC_ARC = YES;
				CLANG_ENABLE_OBJC_WEAK = YES;
				CLANG_WARN_BLOCK_CAPTURE_AUTORELEASING = YES;
				CLANG_WARN_BOOL_CONVERSION = YES;
				CLANG_WARN_COMMA = YES;
				CLANG_WARN_CONSTANT_CONVERSION = YES;
				CLANG_WARN_DEPRECATED_OBJC_IMPLEMENTATIONS = YES;
				CLANG_WARN_DIRECT_OBJC_ISA_USAGE = YES_ERROR;
				CLANG_WARN_DOCUMENTATION_COMMENTS = YES;
				CLANG_WARN_EMPTY_BODY = YES;
				CLANG_WARN_ENUM_CONVERSION = YES;
				CLANG_WARN_INFINITE_RECURSION = YES;
				CLANG_WARN_INT_CONVERSION = YES;
				CLANG_WARN_NON_LITERAL_NULL_CONVERSION = YES;
				CLANG_WARN_OBJC_IMPLICIT_RETAIN_SELF = YES;
				CLANG_WARN_OBJC_LITERAL_CONVERSION = YES;
				CLANG_WARN_OBJC_ROOT_CLASS = YES_ERROR;
				CLANG_WARN_QUOTED_INCLUDE_IN_FRAMEWORK_HEADER = YES;
				CLANG_WARN_RANGE_LOOP_ANALYSIS = YES;
				CLANG_WARN_STRICT_PROTOTYPES = YES;
				CLANG_WARN_SUSPICIOUS_MOVE = YES;
				CLANG_WARN_UNGUARDED_AVAILABILITY = YES_AGGRESSIVE;
				CLANG_WARN_UNREACHABLE_CODE = YES;
				CLANG_WARN__DUPLICATE_METHOD_MATCH = YES;
				COPY_PHASE_STRIP = NO;
				DEBUG_INFORMATION_FORMAT = dwarf;
				ENABLE_STRICT_OBJC_MSGSEND = YES;
				ENABLE_TESTABILITY = YES;
				GCC_C_LANGUAGE_STANDARD = gnu11;
				GCC_DYNAMIC_NO_PIC = NO;
				GCC_NO_COMMON_BLOCKS = YES;
				GCC_OPTIMIZATION_LEVEL = 0;
				GCC_PREPROCESSOR_DEFINITIONS = (
					"DEBUG=1",
					"$(inherited)",
				);
				GCC_WARN_64_TO_32_BIT_CONVERSION = YES;
				GCC_WARN_ABOUT_RETURN_TYPE = YES_ERROR;
				GCC_WARN_UNDECLARED_SELECTOR = YES;
				GCC_WARN_UNINITIALIZED_AUTOS = YES_AGGRESSIVE;
				GCC_WARN_UNUSED_FUNCTION = YES;
				GCC_WARN_UNUSED_VARIABLE = YES;
				IPHONEOS_DEPLOYMENT_TARGET = 15.5;
				MTL_ENABLE_DEBUG_INFO = INCLUDE_SOURCE;
				MTL_FAST_MATH = YES;
				ONLY_ACTIVE_ARCH = YES;
				SDKROOT = iphoneos;
				SWIFT_ACTIVE_COMPILATION_CONDITIONS = DEBUG;
				SWIFT_OPTIMIZATION_LEVEL = "-Onone";
			};
			name = Debug;
		};
		08914137298D994100C38B0F /* Release */ = {
			isa = XCBuildConfiguration;
			buildSettings = {
				ALWAYS_SEARCH_USER_PATHS = NO;
				CLANG_ANALYZER_NONNULL = YES;
				CLANG_ANALYZER_NUMBER_OBJECT_CONVERSION = YES_AGGRESSIVE;
				CLANG_CXX_LANGUAGE_STANDARD = "gnu++17";
				CLANG_ENABLE_MODULES = YES;
				CLANG_ENABLE_OBJC_ARC = YES;
				CLANG_ENABLE_OBJC_WEAK = YES;
				CLANG_WARN_BLOCK_CAPTURE_AUTORELEASING = YES;
				CLANG_WARN_BOOL_CONVERSION = YES;
				CLANG_WARN_COMMA = YES;
				CLANG_WARN_CONSTANT_CONVERSION = YES;
				CLANG_WARN_DEPRECATED_OBJC_IMPLEMENTATIONS = YES;
				CLANG_WARN_DIRECT_OBJC_ISA_USAGE = YES_ERROR;
				CLANG_WARN_DOCUMENTATION_COMMENTS = YES;
				CLANG_WARN_EMPTY_BODY = YES;
				CLANG_WARN_ENUM_CONVERSION = YES;
				CLANG_WARN_INFINITE_RECURSION = YES;
				CLANG_WARN_INT_CONVERSION = YES;
				CLANG_WARN_NON_LITERAL_NULL_CONVERSION = YES;
				CLANG_WARN_OBJC_IMPLICIT_RETAIN_SELF = YES;
				CLANG_WARN_OBJC_LITERAL_CONVERSION = YES;
				CLANG_WARN_OBJC_ROOT_CLASS = YES_ERROR;
				CLANG_WARN_QUOTED_INCLUDE_IN_FRAMEWORK_HEADER = YES;
				CLANG_WARN_RANGE_LOOP_ANALYSIS = YES;
				CLANG_WARN_STRICT_PROTOTYPES = YES;
				CLANG_WARN_SUSPICIOUS_MOVE = YES;
				CLANG_WARN_UNGUARDED_AVAILABILITY = YES_AGGRESSIVE;
				CLANG_WARN_UNREACHABLE_CODE = YES;
				CLANG_WARN__DUPLICATE_METHOD_MATCH = YES;
				COPY_PHASE_STRIP = NO;
				DEBUG_INFORMATION_FORMAT = "dwarf-with-dsym";
				ENABLE_NS_ASSERTIONS = NO;
				ENABLE_STRICT_OBJC_MSGSEND = YES;
				GCC_C_LANGUAGE_STANDARD = gnu11;
				GCC_NO_COMMON_BLOCKS = YES;
				GCC_WARN_64_TO_32_BIT_CONVERSION = YES;
				GCC_WARN_ABOUT_RETURN_TYPE = YES_ERROR;
				GCC_WARN_UNDECLARED_SELECTOR = YES;
				GCC_WARN_UNINITIALIZED_AUTOS = YES_AGGRESSIVE;
				GCC_WARN_UNUSED_FUNCTION = YES;
				GCC_WARN_UNUSED_VARIABLE = YES;
				IPHONEOS_DEPLOYMENT_TARGET = 15.5;
				MTL_ENABLE_DEBUG_INFO = NO;
				MTL_FAST_MATH = YES;
				SDKROOT = iphoneos;
				SWIFT_COMPILATION_MODE = wholemodule;
				SWIFT_OPTIMIZATION_LEVEL = "-O";
				VALIDATE_PRODUCT = YES;
			};
			name = Release;
		};
		08914139298D994100C38B0F /* Debug */ = {
			isa = XCBuildConfiguration;
			buildSettings = {
				ASSETCATALOG_COMPILER_APPICON_NAME = AppIcon;
				ASSETCATALOG_COMPILER_GLOBAL_ACCENT_COLOR_NAME = AccentColor;
				CODE_SIGN_STYLE = Automatic;
				CURRENT_PROJECT_VERSION = 1;
				DEVELOPMENT_TEAM = A2B79Z9A8Q;
				GENERATE_INFOPLIST_FILE = YES;
				INFOPLIST_FILE = BluetoothFinder/Info.plist;
				INFOPLIST_KEY_NSBluetoothAlwaysUsageDescription = "This app uses bluetooth to find, connect and transfer data between different scooters.";
				INFOPLIST_KEY_UIApplicationSupportsIndirectInputEvents = YES;
				INFOPLIST_KEY_UILaunchStoryboardName = LaunchScreen;
				INFOPLIST_KEY_UIMainStoryboardFile = Main;
				INFOPLIST_KEY_UISupportedInterfaceOrientations = "UIInterfaceOrientationPortrait UIInterfaceOrientationPortraitUpsideDown";
				INFOPLIST_KEY_UISupportedInterfaceOrientations_iPad = "UIInterfaceOrientationPortrait UIInterfaceOrientationPortraitUpsideDown UIInterfaceOrientationLandscapeLeft UIInterfaceOrientationLandscapeRight";
				INFOPLIST_KEY_UISupportedInterfaceOrientations_iPhone = "UIInterfaceOrientationPortrait UIInterfaceOrientationLandscapeLeft UIInterfaceOrientationLandscapeRight";
				LD_RUNPATH_SEARCH_PATHS = (
					"$(inherited)",
					"@executable_path/Frameworks",
				);
				MARKETING_VERSION = 1.0;
				PRODUCT_BUNDLE_IDENTIFIER = silvestri.BluetoothFinder;
				PRODUCT_NAME = "$(TARGET_NAME)";
				SWIFT_EMIT_LOC_STRINGS = YES;
				SWIFT_VERSION = 5.0;
				TARGETED_DEVICE_FAMILY = "1,2";
			};
			name = Debug;
		};
		0891413A298D994100C38B0F /* Release */ = {
			isa = XCBuildConfiguration;
			buildSettings = {
				ASSETCATALOG_COMPILER_APPICON_NAME = AppIcon;
				ASSETCATALOG_COMPILER_GLOBAL_ACCENT_COLOR_NAME = AccentColor;
				CODE_SIGN_STYLE = Automatic;
				CURRENT_PROJECT_VERSION = 1;
				DEVELOPMENT_TEAM = A2B79Z9A8Q;
				GENERATE_INFOPLIST_FILE = YES;
				INFOPLIST_FILE = BluetoothFinder/Info.plist;
				INFOPLIST_KEY_NSBluetoothAlwaysUsageDescription = "This app uses bluetooth to find, connect and transfer data between different scooters.";
				INFOPLIST_KEY_UIApplicationSupportsIndirectInputEvents = YES;
				INFOPLIST_KEY_UILaunchStoryboardName = LaunchScreen;
				INFOPLIST_KEY_UIMainStoryboardFile = Main;
				INFOPLIST_KEY_UISupportedInterfaceOrientations = "UIInterfaceOrientationPortrait UIInterfaceOrientationPortraitUpsideDown";
				INFOPLIST_KEY_UISupportedInterfaceOrientations_iPad = "UIInterfaceOrientationPortrait UIInterfaceOrientationPortraitUpsideDown UIInterfaceOrientationLandscapeLeft UIInterfaceOrientationLandscapeRight";
				INFOPLIST_KEY_UISupportedInterfaceOrientations_iPhone = "UIInterfaceOrientationPortrait UIInterfaceOrientationLandscapeLeft UIInterfaceOrientationLandscapeRight";
				LD_RUNPATH_SEARCH_PATHS = (
					"$(inherited)",
					"@executable_path/Frameworks",
				);
				MARKETING_VERSION = 1.0;
				PRODUCT_BUNDLE_IDENTIFIER = silvestri.BluetoothFinder;
				PRODUCT_NAME = "$(TARGET_NAME)";
				SWIFT_EMIT_LOC_STRINGS = YES;
				SWIFT_VERSION = 5.0;
				TARGETED_DEVICE_FAMILY = "1,2";
			};
			name = Release;
		};
		0891413C298D994100C38B0F /* Debug */ = {
			isa = XCBuildConfiguration;
			buildSettings = {
				ALWAYS_EMBED_SWIFT_STANDARD_LIBRARIES = YES;
				BUNDLE_LOADER = "$(TEST_HOST)";
				CODE_SIGN_STYLE = Automatic;
				CURRENT_PROJECT_VERSION = 1;
				DEVELOPMENT_TEAM = A2B79Z9A8Q;
				GENERATE_INFOPLIST_FILE = YES;
				IPHONEOS_DEPLOYMENT_TARGET = 15.5;
				MARKETING_VERSION = 1.0;
				PRODUCT_BUNDLE_IDENTIFIER = silvestri.BluetoothFinderTests;
				PRODUCT_NAME = "$(TARGET_NAME)";
				SWIFT_EMIT_LOC_STRINGS = NO;
				SWIFT_VERSION = 5.0;
				TARGETED_DEVICE_FAMILY = "1,2";
				TEST_HOST = "$(BUILT_PRODUCTS_DIR)/BluetoothFinder.app/BluetoothFinder";
			};
			name = Debug;
		};
		0891413D298D994100C38B0F /* Release */ = {
			isa = XCBuildConfiguration;
			buildSettings = {
				ALWAYS_EMBED_SWIFT_STANDARD_LIBRARIES = YES;
				BUNDLE_LOADER = "$(TEST_HOST)";
				CODE_SIGN_STYLE = Automatic;
				CURRENT_PROJECT_VERSION = 1;
				DEVELOPMENT_TEAM = A2B79Z9A8Q;
				GENERATE_INFOPLIST_FILE = YES;
				IPHONEOS_DEPLOYMENT_TARGET = 15.5;
				MARKETING_VERSION = 1.0;
				PRODUCT_BUNDLE_IDENTIFIER = silvestri.BluetoothFinderTests;
				PRODUCT_NAME = "$(TARGET_NAME)";
				SWIFT_EMIT_LOC_STRINGS = NO;
				SWIFT_VERSION = 5.0;
				TARGETED_DEVICE_FAMILY = "1,2";
				TEST_HOST = "$(BUILT_PRODUCTS_DIR)/BluetoothFinder.app/BluetoothFinder";
			};
			name = Release;
		};
		0891413F298D994100C38B0F /* Debug */ = {
			isa = XCBuildConfiguration;
			buildSettings = {
				ALWAYS_EMBED_SWIFT_STANDARD_LIBRARIES = YES;
				CODE_SIGN_STYLE = Automatic;
				CURRENT_PROJECT_VERSION = 1;
				DEVELOPMENT_TEAM = A2B79Z9A8Q;
				GENERATE_INFOPLIST_FILE = YES;
				MARKETING_VERSION = 1.0;
				PRODUCT_BUNDLE_IDENTIFIER = silvestri.BluetoothFinderUITests;
				PRODUCT_NAME = "$(TARGET_NAME)";
				SWIFT_EMIT_LOC_STRINGS = NO;
				SWIFT_VERSION = 5.0;
				TARGETED_DEVICE_FAMILY = "1,2";
				TEST_TARGET_NAME = BluetoothFinder;
			};
			name = Debug;
		};
		08914140298D994100C38B0F /* Release */ = {
			isa = XCBuildConfiguration;
			buildSettings = {
				ALWAYS_EMBED_SWIFT_STANDARD_LIBRARIES = YES;
				CODE_SIGN_STYLE = Automatic;
				CURRENT_PROJECT_VERSION = 1;
				DEVELOPMENT_TEAM = A2B79Z9A8Q;
				GENERATE_INFOPLIST_FILE = YES;
				MARKETING_VERSION = 1.0;
				PRODUCT_BUNDLE_IDENTIFIER = silvestri.BluetoothFinderUITests;
				PRODUCT_NAME = "$(TARGET_NAME)";
				SWIFT_EMIT_LOC_STRINGS = NO;
				SWIFT_VERSION = 5.0;
				TARGETED_DEVICE_FAMILY = "1,2";
				TEST_TARGET_NAME = BluetoothFinder;
			};
			name = Release;
		};
/* End XCBuildConfiguration section */

/* Begin XCConfigurationList section */
		08914106298D993E00C38B0F /* Build configuration list for PBXProject "BluetoothFinder" */ = {
			isa = XCConfigurationList;
			buildConfigurations = (
				08914136298D994100C38B0F /* Debug */,
				08914137298D994100C38B0F /* Release */,
			);
			defaultConfigurationIsVisible = 0;
			defaultConfigurationName = Release;
		};
		08914138298D994100C38B0F /* Build configuration list for PBXNativeTarget "BluetoothFinder" */ = {
			isa = XCConfigurationList;
			buildConfigurations = (
				08914139298D994100C38B0F /* Debug */,
				0891413A298D994100C38B0F /* Release */,
			);
			defaultConfigurationIsVisible = 0;
			defaultConfigurationName = Release;
		};
		0891413B298D994100C38B0F /* Build configuration list for PBXNativeTarget "BluetoothFinderTests" */ = {
			isa = XCConfigurationList;
			buildConfigurations = (
				0891413C298D994100C38B0F /* Debug */,
				0891413D298D994100C38B0F /* Release */,
			);
			defaultConfigurationIsVisible = 0;
			defaultConfigurationName = Release;
		};
		0891413E298D994100C38B0F /* Build configuration list for PBXNativeTarget "BluetoothFinderUITests" */ = {
			isa = XCConfigurationList;
			buildConfigurations = (
				0891413F298D994100C38B0F /* Debug */,
				08914140298D994100C38B0F /* Release */,
			);
			defaultConfigurationIsVisible = 0;
			defaultConfigurationName = Release;
		};
/* End XCConfigurationList section */

/* Begin XCVersionGroup section */
		08914117298D993E00C38B0F /* BluetoothFinder.xcdatamodeld */ = {
			isa = XCVersionGroup;
			children = (
				08914118298D993E00C38B0F /* BluetoothFinder.xcdatamodel */,
			);
			currentVersion = 08914118298D993E00C38B0F /* BluetoothFinder.xcdatamodel */;
			path = BluetoothFinder.xcdatamodeld;
			sourceTree = "<group>";
			versionGroupType = wrapper.xcdatamodel;
		};
/* End XCVersionGroup section */
	};
	rootObject = 08914103298D993E00C38B0F /* Project object */;
}
